// !$*UTF8*$!
{
	archiveVersion = 1;
	classes = {
	};
	objectVersion = 56;
	objects = {

/* Begin PBXBuildFile section */
		81558F8229AC93F80057B1C7 /* AppDelegate.swift in Sources */ = {isa = PBXBuildFile; fileRef = 81558F8129AC93F80057B1C7 /* AppDelegate.swift */; };
		81558F8429AC93F80057B1C7 /* SceneDelegate.swift in Sources */ = {isa = PBXBuildFile; fileRef = 81558F8329AC93F80057B1C7 /* SceneDelegate.swift */; };
		81558F8629AC93F80057B1C7 /* ViewController.swift in Sources */ = {isa = PBXBuildFile; fileRef = 81558F8529AC93F80057B1C7 /* ViewController.swift */; };
		81558F8929AC93F80057B1C7 /* Main.storyboard in Resources */ = {isa = PBXBuildFile; fileRef = 81558F8729AC93F80057B1C7 /* Main.storyboard */; };
		81558F8C29AC93F80057B1C7 /* addition.xcdatamodeld in Sources */ = {isa = PBXBuildFile; fileRef = 81558F8A29AC93F80057B1C7 /* addition.xcdatamodeld */; };
		81558F8E29AC93F80057B1C7 /* Assets.xcassets in Resources */ = {isa = PBXBuildFile; fileRef = 81558F8D29AC93F80057B1C7 /* Assets.xcassets */; };
		81558F9129AC93F80057B1C7 /* LaunchScreen.storyboard in Resources */ = {isa = PBXBuildFile; fileRef = 81558F8F29AC93F80057B1C7 /* LaunchScreen.storyboard */; };
		81558F9C29AC93F80057B1C7 /* additionTests.swift in Sources */ = {isa = PBXBuildFile; fileRef = 81558F9B29AC93F80057B1C7 /* additionTests.swift */; };
		81558FA629AC93F80057B1C7 /* additionUITests.swift in Sources */ = {isa = PBXBuildFile; fileRef = 81558FA529AC93F80057B1C7 /* additionUITests.swift */; };
		81558FA829AC93F80057B1C7 /* additionUITestsLaunchTests.swift in Sources */ = {isa = PBXBuildFile; fileRef = 81558FA729AC93F80057B1C7 /* additionUITestsLaunchTests.swift */; };
/* End PBXBuildFile section */

/* Begin PBXContainerItemProxy section */
		81558F9829AC93F80057B1C7 /* PBXContainerItemProxy */ = {
			isa = PBXContainerItemProxy;
			containerPortal = 81558F7629AC93F80057B1C7 /* Project object */;
			proxyType = 1;
			remoteGlobalIDString = 81558F7D29AC93F80057B1C7;
			remoteInfo = addition;
		};
		81558FA229AC93F80057B1C7 /* PBXContainerItemProxy */ = {
			isa = PBXContainerItemProxy;
			containerPortal = 81558F7629AC93F80057B1C7 /* Project object */;
			proxyType = 1;
			remoteGlobalIDString = 81558F7D29AC93F80057B1C7;
			remoteInfo = addition;
		};
/* End PBXContainerItemProxy section */

/* Begin PBXFileReference section */
		81558F7E29AC93F80057B1C7 /* addition.app */ = {isa = PBXFileReference; explicitFileType = wrapper.application; includeInIndex = 0; path = addition.app; sourceTree = BUILT_PRODUCTS_DIR; };
		81558F8129AC93F80057B1C7 /* AppDelegate.swift */ = {isa = PBXFileReference; lastKnownFileType = sourcecode.swift; path = AppDelegate.swift; sourceTree = "<group>"; };
		81558F8329AC93F80057B1C7 /* SceneDelegate.swift */ = {isa = PBXFileReference; lastKnownFileType = sourcecode.swift; path = SceneDelegate.swift; sourceTree = "<group>"; };
		81558F8529AC93F80057B1C7 /* ViewController.swift */ = {isa = PBXFileReference; lastKnownFileType = sourcecode.swift; path = ViewController.swift; sourceTree = "<group>"; };
		81558F8829AC93F80057B1C7 /* Base */ = {isa = PBXFileReference; lastKnownFileType = file.storyboard; name = Base; path = Base.lproj/Main.storyboard; sourceTree = "<group>"; };
		81558F8B29AC93F80057B1C7 /* addition.xcdatamodel */ = {isa = PBXFileReference; lastKnownFileType = wrapper.xcdatamodel; path = addition.xcdatamodel; sourceTree = "<group>"; };
		81558F8D29AC93F80057B1C7 /* Assets.xcassets */ = {isa = PBXFileReference; lastKnownFileType = folder.assetcatalog; path = Assets.xcassets; sourceTree = "<group>"; };
		81558F9029AC93F80057B1C7 /* Base */ = {isa = PBXFileReference; lastKnownFileType = file.storyboard; name = Base; path = Base.lproj/LaunchScreen.storyboard; sourceTree = "<group>"; };
		81558F9229AC93F80057B1C7 /* Info.plist */ = {isa = PBXFileReference; lastKnownFileType = text.plist.xml; path = Info.plist; sourceTree = "<group>"; };
		81558F9729AC93F80057B1C7 /* additionTests.xctest */ = {isa = PBXFileReference; explicitFileType = wrapper.cfbundle; includeInIndex = 0; path = additionTests.xctest; sourceTree = BUILT_PRODUCTS_DIR; };
		81558F9B29AC93F80057B1C7 /* additionTests.swift */ = {isa = PBXFileReference; lastKnownFileType = sourcecode.swift; path = additionTests.swift; sourceTree = "<group>"; };
		81558FA129AC93F80057B1C7 /* additionUITests.xctest */ = {isa = PBXFileReference; explicitFileType = wrapper.cfbundle; includeInIndex = 0; path = additionUITests.xctest; sourceTree = BUILT_PRODUCTS_DIR; };
		81558FA529AC93F80057B1C7 /* additionUITests.swift */ = {isa = PBXFileReference; lastKnownFileType = sourcecode.swift; path = additionUITests.swift; sourceTree = "<group>"; };
		81558FA729AC93F80057B1C7 /* additionUITestsLaunchTests.swift */ = {isa = PBXFileReference; lastKnownFileType = sourcecode.swift; path = additionUITestsLaunchTests.swift; sourceTree = "<group>"; };
/* End PBXFileReference section */

/* Begin PBXFrameworksBuildPhase section */
		81558F7B29AC93F80057B1C7 /* Frameworks */ = {
			isa = PBXFrameworksBuildPhase;
			buildActionMask = 2147483647;
			files = (
			);
			runOnlyForDeploymentPostprocessing = 0;
		};
		81558F9429AC93F80057B1C7 /* Frameworks */ = {
			isa = PBXFrameworksBuildPhase;
			buildActionMask = 2147483647;
			files = (
			);
			runOnlyForDeploymentPostprocessing = 0;
		};
		81558F9E29AC93F80057B1C7 /* Frameworks */ = {
			isa = PBXFrameworksBuildPhase;
			buildActionMask = 2147483647;
			files = (
			);
			runOnlyForDeploymentPostprocessing = 0;
		};
/* End PBXFrameworksBuildPhase section */

/* Begin PBXGroup section */
		81558F7529AC93F80057B1C7 = {
			isa = PBXGroup;
			children = (
				81558F8029AC93F80057B1C7 /* addition */,
				81558F9A29AC93F80057B1C7 /* additionTests */,
				81558FA429AC93F80057B1C7 /* additionUITests */,
				81558F7F29AC93F80057B1C7 /* Products */,
			);
			sourceTree = "<group>";
		};
		81558F7F29AC93F80057B1C7 /* Products */ = {
			isa = PBXGroup;
			children = (
				81558F7E29AC93F80057B1C7 /* addition.app */,
				81558F9729AC93F80057B1C7 /* additionTests.xctest */,
				81558FA129AC93F80057B1C7 /* additionUITests.xctest */,
			);
			name = Products;
			sourceTree = "<group>";
		};
		81558F8029AC93F80057B1C7 /* addition */ = {
			isa = PBXGroup;
			children = (
				81558F8129AC93F80057B1C7 /* AppDelegate.swift */,
				81558F8329AC93F80057B1C7 /* SceneDelegate.swift */,
				81558F8529AC93F80057B1C7 /* ViewController.swift */,
				81558F8729AC93F80057B1C7 /* Main.storyboard */,
				81558F8D29AC93F80057B1C7 /* Assets.xcassets */,
				81558F8F29AC93F80057B1C7 /* LaunchScreen.storyboard */,
				81558F9229AC93F80057B1C7 /* Info.plist */,
				81558F8A29AC93F80057B1C7 /* addition.xcdatamodeld */,
			);
			path = addition;
			sourceTree = "<group>";
		};
		81558F9A29AC93F80057B1C7 /* additionTests */ = {
			isa = PBXGroup;
			children = (
				81558F9B29AC93F80057B1C7 /* additionTests.swift */,
			);
			path = additionTests;
			sourceTree = "<group>";
		};
		81558FA429AC93F80057B1C7 /* additionUITests */ = {
			isa = PBXGroup;
			children = (
				81558FA529AC93F80057B1C7 /* additionUITests.swift */,
				81558FA729AC93F80057B1C7 /* additionUITestsLaunchTests.swift */,
			);
			path = additionUITests;
			sourceTree = "<group>";
		};
/* End PBXGroup section */

/* Begin PBXNativeTarget section */
		81558F7D29AC93F80057B1C7 /* addition */ = {
			isa = PBXNativeTarget;
			buildConfigurationList = 81558FAB29AC93F80057B1C7 /* Build configuration list for PBXNativeTarget "addition" */;
			buildPhases = (
				81558F7A29AC93F80057B1C7 /* Sources */,
				81558F7B29AC93F80057B1C7 /* Frameworks */,
				81558F7C29AC93F80057B1C7 /* Resources */,
			);
			buildRules = (
			);
			dependencies = (
			);
			name = addition;
			productName = addition;
			productReference = 81558F7E29AC93F80057B1C7 /* addition.app */;
			productType = "com.apple.product-type.application";
		};
		81558F9629AC93F80057B1C7 /* additionTests */ = {
			isa = PBXNativeTarget;
			buildConfigurationList = 81558FAE29AC93F80057B1C7 /* Build configuration list for PBXNativeTarget "additionTests" */;
			buildPhases = (
				81558F9329AC93F80057B1C7 /* Sources */,
				81558F9429AC93F80057B1C7 /* Frameworks */,
				81558F9529AC93F80057B1C7 /* Resources */,
			);
			buildRules = (
			);
			dependencies = (
				81558F9929AC93F80057B1C7 /* PBXTargetDependency */,
			);
			name = additionTests;
			productName = additionTests;
			productReference = 81558F9729AC93F80057B1C7 /* additionTests.xctest */;
			productType = "com.apple.product-type.bundle.unit-test";
		};
		81558FA029AC93F80057B1C7 /* additionUITests */ = {
			isa = PBXNativeTarget;
			buildConfigurationList = 81558FB129AC93F80057B1C7 /* Build configuration list for PBXNativeTarget "additionUITests" */;
			buildPhases = (
				81558F9D29AC93F80057B1C7 /* Sources */,
				81558F9E29AC93F80057B1C7 /* Frameworks */,
				81558F9F29AC93F80057B1C7 /* Resources */,
			);
			buildRules = (
			);
			dependencies = (
				81558FA329AC93F80057B1C7 /* PBXTargetDependency */,
			);
			name = additionUITests;
			productName = additionUITests;
			productReference = 81558FA129AC93F80057B1C7 /* additionUITests.xctest */;
			productType = "com.apple.product-type.bundle.ui-testing";
		};
/* End PBXNativeTarget section */

/* Begin PBXProject section */
		81558F7629AC93F80057B1C7 /* Project object */ = {
			isa = PBXProject;
			attributes = {
				BuildIndependentTargetsInParallel = 1;
				LastSwiftUpdateCheck = 1420;
				LastUpgradeCheck = 1420;
				TargetAttributes = {
					81558F7D29AC93F80057B1C7 = {
						CreatedOnToolsVersion = 14.2;
					};
					81558F9629AC93F80057B1C7 = {
						CreatedOnToolsVersion = 14.2;
						TestTargetID = 81558F7D29AC93F80057B1C7;
					};
					81558FA029AC93F80057B1C7 = {
						CreatedOnToolsVersion = 14.2;
						TestTargetID = 81558F7D29AC93F80057B1C7;
					};
				};
			};
			buildConfigurationList = 81558F7929AC93F80057B1C7 /* Build configuration list for PBXProject "addition" */;
			compatibilityVersion = "Xcode 14.0";
			developmentRegion = en;
			hasScannedForEncodings = 0;
			knownRegions = (
				en,
				Base,
			);
			mainGroup = 81558F7529AC93F80057B1C7;
			productRefGroup = 81558F7F29AC93F80057B1C7 /* Products */;
			projectDirPath = "";
			projectRoot = "";
			targets = (
				81558F7D29AC93F80057B1C7 /* addition */,
				81558F9629AC93F80057B1C7 /* additionTests */,
				81558FA029AC93F80057B1C7 /* additionUITests */,
			);
		};
/* End PBXProject section */

/* Begin PBXResourcesBuildPhase section */
		81558F7C29AC93F80057B1C7 /* Resources */ = {
			isa = PBXResourcesBuildPhase;
			buildActionMask = 2147483647;
			files = (
				81558F9129AC93F80057B1C7 /* LaunchScreen.storyboard in Resources */,
				81558F8E29AC93F80057B1C7 /* Assets.xcassets in Resources */,
				81558F8929AC93F80057B1C7 /* Main.storyboard in Resources */,
			);
			runOnlyForDeploymentPostprocessing = 0;
		};
		81558F9529AC93F80057B1C7 /* Resources */ = {
			isa = PBXResourcesBuildPhase;
			buildActionMask = 2147483647;
			files = (
			);
			runOnlyForDeploymentPostprocessing = 0;
		};
		81558F9F29AC93F80057B1C7 /* Resources */ = {
			isa = PBXResourcesBuildPhase;
			buildActionMask = 2147483647;
			files = (
			);
			runOnlyForDeploymentPostprocessing = 0;
		};
/* End PBXResourcesBuildPhase section */

/* Begin PBXSourcesBuildPhase section */
		81558F7A29AC93F80057B1C7 /* Sources */ = {
			isa = PBXSourcesBuildPhase;
			buildActionMask = 2147483647;
			files = (
				81558F8629AC93F80057B1C7 /* ViewController.swift in Sources */,
				81558F8C29AC93F80057B1C7 /* addition.xcdatamodeld in Sources */,
				81558F8229AC93F80057B1C7 /* AppDelegate.swift in Sources */,
				81558F8429AC93F80057B1C7 /* SceneDelegate.swift in Sources */,
			);
			runOnlyForDeploymentPostprocessing = 0;
		};
		81558F9329AC93F80057B1C7 /* Sources */ = {
			isa = PBXSourcesBuildPhase;
			buildActionMask = 2147483647;
			files = (
				81558F9C29AC93F80057B1C7 /* additionTests.swift in Sources */,
			);
			runOnlyForDeploymentPostprocessing = 0;
		};
		81558F9D29AC93F80057B1C7 /* Sources */ = {
			isa = PBXSourcesBuildPhase;
			buildActionMask = 2147483647;
			files = (
				81558FA829AC93F80057B1C7 /* additionUITestsLaunchTests.swift in Sources */,
				81558FA629AC93F80057B1C7 /* additionUITests.swift in Sources */,
			);
			runOnlyForDeploymentPostprocessing = 0;
		};
/* End PBXSourcesBuildPhase section */

/* Begin PBXTargetDependency section */
		81558F9929AC93F80057B1C7 /* PBXTargetDependency */ = {
			isa = PBXTargetDependency;
			target = 81558F7D29AC93F80057B1C7 /* addition */;
			targetProxy = 81558F9829AC93F80057B1C7 /* PBXContainerItemProxy */;
		};
		81558FA329AC93F80057B1C7 /* PBXTargetDependency */ = {
			isa = PBXTargetDependency;
			target = 81558F7D29AC93F80057B1C7 /* addition */;
			targetProxy = 81558FA229AC93F80057B1C7 /* PBXContainerItemProxy */;
		};
/* End PBXTargetDependency section */

/* Begin PBXVariantGroup section */
		81558F8729AC93F80057B1C7 /* Main.storyboard */ = {
			isa = PBXVariantGroup;
			children = (
				81558F8829AC93F80057B1C7 /* Base */,
			);
			name = Main.storyboard;
			sourceTree = "<group>";
		};
		81558F8F29AC93F80057B1C7 /* LaunchScreen.storyboard */ = {
			isa = PBXVariantGroup;
			children = (
				81558F9029AC93F80057B1C7 /* Base */,
			);
			name = LaunchScreen.storyboard;
			sourceTree = "<group>";
		};
/* End PBXVariantGroup section */

/* Begin XCBuildConfiguration section */
		81558FA929AC93F80057B1C7 /* Debug */ = {
			isa = XCBuildConfiguration;
			buildSettings = {
				ALWAYS_SEARCH_USER_PATHS = NO;
				CLANG_ANALYZER_NONNULL = YES;
				CLANG_ANALYZER_NUMBER_OBJECT_CONVERSION = YES_AGGRESSIVE;
				CLANG_CXX_LANGUAGE_STANDARD = "gnu++20";
				CLANG_ENABLE_MODULES = YES;
				CLANG_ENABLE_OBJC_ARC = YES;
				CLANG_ENABLE_OBJC_WEAK = YES;
				CLANG_WARN_BLOCK_CAPTURE_AUTORELEASING = YES;
				CLANG_WARN_BOOL_CONVERSION = YES;
				CLANG_WARN_COMMA = YES;
				CLANG_WARN_CONSTANT_CONVERSION = YES;
				CLANG_WARN_DEPRECATED_OBJC_IMPLEMENTATIONS = YES;
				CLANG_WARN_DIRECT_OBJC_ISA_USAGE = YES_ERROR;
				CLANG_WARN_DOCUMENTATION_COMMENTS = YES;
				CLANG_WARN_EMPTY_BODY = YES;
				CLANG_WARN_ENUM_CONVERSION = YES;
				CLANG_WARN_INFINITE_RECURSION = YES;
				CLANG_WARN_INT_CONVERSION = YES;
				CLANG_WARN_NON_LITERAL_NULL_CONVERSION = YES;
				CLANG_WARN_OBJC_IMPLICIT_RETAIN_SELF = YES;
				CLANG_WARN_OBJC_LITERAL_CONVERSION = YES;
				CLANG_WARN_OBJC_ROOT_CLASS = YES_ERROR;
				CLANG_WARN_QUOTED_INCLUDE_IN_FRAMEWORK_HEADER = YES;
				CLANG_WARN_RANGE_LOOP_ANALYSIS = YES;
				CLANG_WARN_STRICT_PROTOTYPES = YES;
				CLANG_WARN_SUSPICIOUS_MOVE = YES;
				CLANG_WARN_UNGUARDED_AVAILABILITY = YES_AGGRESSIVE;
				CLANG_WARN_UNREACHABLE_CODE = YES;
				CLANG_WARN__DUPLICATE_METHOD_MATCH = YES;
				COPY_PHASE_STRIP = NO;
				DEBUG_INFORMATION_FORMAT = dwarf;
				ENABLE_STRICT_OBJC_MSGSEND = YES;
				ENABLE_TESTABILITY = YES;
				GCC_C_LANGUAGE_STANDARD = gnu11;
				GCC_DYNAMIC_NO_PIC = NO;
				GCC_NO_COMMON_BLOCKS = YES;
				GCC_OPTIMIZATION_LEVEL = 0;
				GCC_PREPROCESSOR_DEFINITIONS = (
					"DEBUG=1",
					"$(inherited)",
				);
				GCC_WARN_64_TO_32_BIT_CONVERSION = YES;
				GCC_WARN_ABOUT_RETURN_TYPE = YES_ERROR;
				GCC_WARN_UNDECLARED_SELECTOR = YES;
				GCC_WARN_UNINITIALIZED_AUTOS = YES_AGGRESSIVE;
				GCC_WARN_UNUSED_FUNCTION = YES;
				GCC_WARN_UNUSED_VARIABLE = YES;
				IPHONEOS_DEPLOYMENT_TARGET = 16.2;
				MTL_ENABLE_DEBUG_INFO = INCLUDE_SOURCE;
				MTL_FAST_MATH = YES;
				ONLY_ACTIVE_ARCH = YES;
				SDKROOT = iphoneos;
				SWIFT_ACTIVE_COMPILATION_CONDITIONS = DEBUG;
				SWIFT_OPTIMIZATION_LEVEL = "-Onone";
			};
			name = Debug;
		};
		81558FAA29AC93F80057B1C7 /* Release */ = {
			isa = XCBuildConfiguration;
			buildSettings = {
				ALWAYS_SEARCH_USER_PATHS = NO;
				CLANG_ANALYZER_NONNULL = YES;
				CLANG_ANALYZER_NUMBER_OBJECT_CONVERSION = YES_AGGRESSIVE;
				CLANG_CXX_LANGUAGE_STANDARD = "gnu++20";
				CLANG_ENABLE_MODULES = YES;
				CLANG_ENABLE_OBJC_ARC = YES;
				CLANG_ENABLE_OBJC_WEAK = YES;
				CLANG_WARN_BLOCK_CAPTURE_AUTORELEASING = YES;
				CLANG_WARN_BOOL_CONVERSION = YES;
				CLANG_WARN_COMMA = YES;
				CLANG_WARN_CONSTANT_CONVERSION = YES;
				CLANG_WARN_DEPRECATED_OBJC_IMPLEMENTATIONS = YES;
				CLANG_WARN_DIRECT_OBJC_ISA_USAGE = YES_ERROR;
				CLANG_WARN_DOCUMENTATION_COMMENTS = YES;
				CLANG_WARN_EMPTY_BODY = YES;
				CLANG_WARN_ENUM_CONVERSION = YES;
				CLANG_WARN_INFINITE_RECURSION = YES;
				CLANG_WARN_INT_CONVERSION = YES;
				CLANG_WARN_NON_LITERAL_NULL_CONVERSION = YES;
				CLANG_WARN_OBJC_IMPLICIT_RETAIN_SELF = YES;
				CLANG_WARN_OBJC_LITERAL_CONVERSION = YES;
				CLANG_WARN_OBJC_ROOT_CLASS = YES_ERROR;
				CLANG_WARN_QUOTED_INCLUDE_IN_FRAMEWORK_HEADER = YES;
				CLANG_WARN_RANGE_LOOP_ANALYSIS = YES;
				CLANG_WARN_STRICT_PROTOTYPES = YES;
				CLANG_WARN_SUSPICIOUS_MOVE = YES;
				CLANG_WARN_UNGUARDED_AVAILABILITY = YES_AGGRESSIVE;
				CLANG_WARN_UNREACHABLE_CODE = YES;
				CLANG_WARN__DUPLICATE_METHOD_MATCH = YES;
				COPY_PHASE_STRIP = NO;
				DEBUG_INFORMATION_FORMAT = "dwarf-with-dsym";
				ENABLE_NS_ASSERTIONS = NO;
				ENABLE_STRICT_OBJC_MSGSEND = YES;
				GCC_C_LANGUAGE_STANDARD = gnu11;
				GCC_NO_COMMON_BLOCKS = YES;
				GCC_WARN_64_TO_32_BIT_CONVERSION = YES;
				GCC_WARN_ABOUT_RETURN_TYPE = YES_ERROR;
				GCC_WARN_UNDECLARED_SELECTOR = YES;
				GCC_WARN_UNINITIALIZED_AUTOS = YES_AGGRESSIVE;
				GCC_WARN_UNUSED_FUNCTION = YES;
				GCC_WARN_UNUSED_VARIABLE = YES;
				IPHONEOS_DEPLOYMENT_TARGET = 16.2;
				MTL_ENABLE_DEBUG_INFO = NO;
				MTL_FAST_MATH = YES;
				SDKROOT = iphoneos;
				SWIFT_COMPILATION_MODE = wholemodule;
				SWIFT_OPTIMIZATION_LEVEL = "-O";
				VALIDATE_PRODUCT = YES;
			};
			name = Release;
		};
		81558FAC29AC93F80057B1C7 /* Debug */ = {
			isa = XCBuildConfiguration;
			buildSettings = {
				ASSETCATALOG_COMPILER_APPICON_NAME = AppIcon;
				ASSETCATALOG_COMPILER_GLOBAL_ACCENT_COLOR_NAME = AccentColor;
				CODE_SIGN_STYLE = Automatic;
				CURRENT_PROJECT_VERSION = 1;
				GENERATE_INFOPLIST_FILE = YES;
				INFOPLIST_FILE = addition/Info.plist;
				INFOPLIST_KEY_UIApplicationSupportsIndirectInputEvents = YES;
				INFOPLIST_KEY_UILaunchStoryboardName = LaunchScreen;
				INFOPLIST_KEY_UIMainStoryboardFile = Main;
				INFOPLIST_KEY_UISupportedInterfaceOrientations_iPad = "UIInterfaceOrientationPortrait UIInterfaceOrientationPortraitUpsideDown UIInterfaceOrientationLandscapeLeft UIInterfaceOrientationLandscapeRight";
				INFOPLIST_KEY_UISupportedInterfaceOrientations_iPhone = "UIInterfaceOrientationPortrait UIInterfaceOrientationLandscapeLeft UIInterfaceOrientationLandscapeRight";
				LD_RUNPATH_SEARCH_PATHS = (
					"$(inherited)",
					"@executable_path/Frameworks",
				);
				MARKETING_VERSION = 1.0;
				PRODUCT_BUNDLE_IDENTIFIER = Vinduja.addition;
				PRODUCT_NAME = "$(TARGET_NAME)";
				SWIFT_EMIT_LOC_STRINGS = YES;
				SWIFT_VERSION = 5.0;
				TARGETED_DEVICE_FAMILY = "1,2";
			};
			name = Debug;
		};
		81558FAD29AC93F80057B1C7 /* Release */ = {
			isa = XCBuildConfiguration;
			buildSettings = {
				ASSETCATALOG_COMPILER_APPICON_NAME = AppIcon;
				ASSETCATALOG_COMPILER_GLOBAL_ACCENT_COLOR_NAME = AccentColor;
				CODE_SIGN_STYLE = Automatic;
				CURRENT_PROJECT_VERSION = 1;
				GENERATE_INFOPLIST_FILE = YES;
				INFOPLIST_FILE = addition/Info.plist;
				INFOPLIST_KEY_UIApplicationSupportsIndirectInputEvents = YES;
				INFOPLIST_KEY_UILaunchStoryboardName = LaunchScreen;
				INFOPLIST_KEY_UIMainStoryboardFile = Main;
				INFOPLIST_KEY_UISupportedInterfaceOrientations_iPad = "UIInterfaceOrientationPortrait UIInterfaceOrientationPortraitUpsideDown UIInterfaceOrientationLandscapeLeft UIInterfaceOrientationLandscapeRight";
				INFOPLIST_KEY_UISupportedInterfaceOrientations_iPhone = "UIInterfaceOrientationPortrait UIInterfaceOrientationLandscapeLeft UIInterfaceOrientationLandscapeRight";
				LD_RUNPATH_SEARCH_PATHS = (
					"$(inherited)",
					"@executable_path/Frameworks",
				);
				MARKETING_VERSION = 1.0;
				PRODUCT_BUNDLE_IDENTIFIER = Vinduja.addition;
				PRODUCT_NAME = "$(TARGET_NAME)";
				SWIFT_EMIT_LOC_STRINGS = YES;
				SWIFT_VERSION = 5.0;
				TARGETED_DEVICE_FAMILY = "1,2";
			};
			name = Release;
		};
		81558FAF29AC93F80057B1C7 /* Debug */ = {
			isa = XCBuildConfiguration;
			buildSettings = {
				ALWAYS_EMBED_SWIFT_STANDARD_LIBRARIES = YES;
				BUNDLE_LOADER = "$(TEST_HOST)";
				CODE_SIGN_STYLE = Automatic;
				CURRENT_PROJECT_VERSION = 1;
				GENERATE_INFOPLIST_FILE = YES;
				IPHONEOS_DEPLOYMENT_TARGET = 16.2;
				MARKETING_VERSION = 1.0;
				PRODUCT_BUNDLE_IDENTIFIER = Vinduja.additionTests;
				PRODUCT_NAME = "$(TARGET_NAME)";
				SWIFT_EMIT_LOC_STRINGS = NO;
				SWIFT_VERSION = 5.0;
				TARGETED_DEVICE_FAMILY = "1,2";
				TEST_HOST = "$(BUILT_PRODUCTS_DIR)/addition.app/$(BUNDLE_EXECUTABLE_FOLDER_PATH)/addition";
			};
			name = Debug;
		};
		81558FB029AC93F80057B1C7 /* Release */ = {
			isa = XCBuildConfiguration;
			buildSettings = {
				ALWAYS_EMBED_SWIFT_STANDARD_LIBRARIES = YES;
				BUNDLE_LOADER = "$(TEST_HOST)";
				CODE_SIGN_STYLE = Automatic;
				CURRENT_PROJECT_VERSION = 1;
				GENERATE_INFOPLIST_FILE = YES;
				IPHONEOS_DEPLOYMENT_TARGET = 16.2;
				MARKETING_VERSION = 1.0;
				PRODUCT_BUNDLE_IDENTIFIER = Vinduja.additionTests;
				PRODUCT_NAME = "$(TARGET_NAME)";
				SWIFT_EMIT_LOC_STRINGS = NO;
				SWIFT_VERSION = 5.0;
				TARGETED_DEVICE_FAMILY = "1,2";
				TEST_HOST = "$(BUILT_PRODUCTS_DIR)/addition.app/$(BUNDLE_EXECUTABLE_FOLDER_PATH)/addition";
			};
			name = Release;
		};
		81558FB229AC93F80057B1C7 /* Debug */ = {
			isa = XCBuildConfiguration;
			buildSettings = {
				ALWAYS_EMBED_SWIFT_STANDARD_LIBRARIES = YES;
				CODE_SIGN_STYLE = Automatic;
				CURRENT_PROJECT_VERSION = 1;
				GENERATE_INFOPLIST_FILE = YES;
				MARKETING_VERSION = 1.0;
				PRODUCT_BUNDLE_IDENTIFIER = Vinduja.additionUITests;
				PRODUCT_NAME = "$(TARGET_NAME)";
				SWIFT_EMIT_LOC_STRINGS = NO;
				SWIFT_VERSION = 5.0;
				TARGETED_DEVICE_FAMILY = "1,2";
				TEST_TARGET_NAME = addition;
			};
			name = Debug;
		};
		81558FB329AC93F80057B1C7 /* Release */ = {
			isa = XCBuildConfiguration;
			buildSettings = {
				ALWAYS_EMBED_SWIFT_STANDARD_LIBRARIES = YES;
				CODE_SIGN_STYLE = Automatic;
				CURRENT_PROJECT_VERSION = 1;
				GENERATE_INFOPLIST_FILE = YES;
				MARKETING_VERSION = 1.0;
				PRODUCT_BUNDLE_IDENTIFIER = Vinduja.additionUITests;
				PRODUCT_NAME = "$(TARGET_NAME)";
				SWIFT_EMIT_LOC_STRINGS = NO;
				SWIFT_VERSION = 5.0;
				TARGETED_DEVICE_FAMILY = "1,2";
				TEST_TARGET_NAME = addition;
			};
			name = Release;
		};
/* End XCBuildConfiguration section */

/* Begin XCConfigurationList section */
		81558F7929AC93F80057B1C7 /* Build configuration list for PBXProject "addition" */ = {
			isa = XCConfigurationList;
			buildConfigurations = (
				81558FA929AC93F80057B1C7 /* Debug */,
				81558FAA29AC93F80057B1C7 /* Release */,
			);
			defaultConfigurationIsVisible = 0;
			defaultConfigurationName = Release;
		};
		81558FAB29AC93F80057B1C7 /* Build configuration list for PBXNativeTarget "addition" */ = {
			isa = XCConfigurationList;
			buildConfigurations = (
				81558FAC29AC93F80057B1C7 /* Debug */,
				81558FAD29AC93F80057B1C7 /* Release */,
			);
			defaultConfigurationIsVisible = 0;
			defaultConfigurationName = Release;
		};
		81558FAE29AC93F80057B1C7 /* Build configuration list for PBXNativeTarget "additionTests" */ = {
			isa = XCConfigurationList;
			buildConfigurations = (
				81558FAF29AC93F80057B1C7 /* Debug */,
				81558FB029AC93F80057B1C7 /* Release */,
			);
			defaultConfigurationIsVisible = 0;
			defaultConfigurationName = Release;
		};
		81558FB129AC93F80057B1C7 /* Build configuration list for PBXNativeTarget "additionUITests" */ = {
			isa = XCConfigurationList;
			buildConfigurations = (
				81558FB229AC93F80057B1C7 /* Debug */,
				81558FB329AC93F80057B1C7 /* Release */,
			);
			defaultConfigurationIsVisible = 0;
			defaultConfigurationName = Release;
		};
/* End XCConfigurationList section */

/* Begin XCVersionGroup section */
		81558F8A29AC93F80057B1C7 /* addition.xcdatamodeld */ = {
			isa = XCVersionGroup;
			children = (
				81558F8B29AC93F80057B1C7 /* addition.xcdatamodel */,
			);
			currentVersion = 81558F8B29AC93F80057B1C7 /* addition.xcdatamodel */;
			path = addition.xcdatamodeld;
			sourceTree = "<group>";
			versionGroupType = wrapper.xcdatamodel;
		};
/* End XCVersionGroup section */
	};
	rootObject = 81558F7629AC93F80057B1C7 /* Project object */;
}
